{
  "name": "test1",
  "version": "1.0.0",
  "lockfileVersion": 1,
  "requires": true,
  "dependencies": {
    "miniprogram-computed": {
      "version": "0.0.7",
      "resolved": "http://registry.npm.taobao.org/miniprogram-computed/download/miniprogram-computed-0.0.7.tgz",
      "integrity": "sha1-GDyfmcMqqPQPSfSGFnECEYWqct8="
    },
    "vant-weapp": {
      "version": "0.5.4",
      "resolved": "http://registry.npm.taobao.org/vant-weapp/download/vant-weapp-0.5.4.tgz",
      "integrity": "sha1-2ypE6xDjdQLzLemS/utMCGc8RQ4="
    }
  }
}
